
Microsoft Visual Studio Solution File, Format Version 12.00
# Visual Studio 15
VisualStudioVersion = 15.0.28307.136
MinimumVisualStudioVersion = 10.0.40219.1
Project("{FAE04EC0-301F-11D3-BF4B-00C04F79EFBC}") = "WPF.Example", "WPF.Example\WPF.Example.csproj", "{FF9B5B06-427F-4993-85B7-CF29383606FC}"
EndProject
Global
	GlobalSection(SolutionConfigurationPlatforms) = preSolution
		Debug|Any CPU = Debug|Any CPU
		Release|Any CPU = Release|Any CPU
	EndGlobalSection
	GlobalSection(ProjectConfigurationPlatforms) = postSolution
		{FF9B5B06-427F-4993-85B7-CF29383606FC}.Debug|Any CPU.ActiveCfg = Debug|Any CPU
		{FF9B5B06-427F-4993-85B7-CF29383606FC}.Debug|Any CPU.Build.0 = Debug|Any CPU
		{FF9B5B06-427F-4993-85B7-CF29383606FC}.Release|Any CPU.ActiveCfg = Release|Any CPU
		{FF9B5B06-427F-4993-85B7-CF29383606FC}.Release|Any CPU.Build.0 = Release|Any CPU
	EndGlobalSection
	GlobalSection(SolutionProperties) = preSolution
		HideSolutionNode = FALSE
	EndGlobalSection
	GlobalSection(ExtensibilityGlobals) = postSolution
		SolutionGuid = {8304754D-EF8A-4B25-94F6-BD1825DB67E6}
	EndGlobalSection
EndGlobal
